
Microsoft Visual Studio Solution File, Format Version 12.00
Project("{FAE04EC0-301F-11D3-BF4B-00C04F79EFBC}") = "SceneObject", "SceneObject\SceneObject.csproj", "{897B59E6-B055-41B7-B379-7328ACDA3D56}"
EndProject
Project("{FAE04EC0-301F-11D3-BF4B-00C04F79EFBC}") = "LeoECS", "LeoECS\LeoECS.csproj", "{1540529C-B98D-416F-BE18-243E1C6691FD}"
EndProject
Project("{FAE04EC0-301F-11D3-BF4B-00C04F79EFBC}") = "Graphics", "Graphics\Graphics.csproj", "{E9760C7F-8430-4A59-9FF8-B35FB539D94B}"
EndProject
Global
	GlobalSection(SolutionConfigurationPlatforms) = preSolution
		Debug|Any CPU = Debug|Any CPU
		Release|Any CPU = Release|Any CPU
	EndGlobalSection
	GlobalSection(ProjectConfigurationPlatforms) = postSolution
		{897B59E6-B055-41B7-B379-7328ACDA3D56}.Debug|Any CPU.ActiveCfg = Debug|Any CPU
		{897B59E6-B055-41B7-B379-7328ACDA3D56}.Debug|Any CPU.Build.0 = Debug|Any CPU
		{897B59E6-B055-41B7-B379-7328ACDA3D56}.Release|Any CPU.ActiveCfg = Release|Any CPU
		{897B59E6-B055-41B7-B379-7328ACDA3D56}.Release|Any CPU.Build.0 = Release|Any CPU
		{1540529C-B98D-416F-BE18-243E1C6691FD}.Debug|Any CPU.ActiveCfg = Debug|Any CPU
		{1540529C-B98D-416F-BE18-243E1C6691FD}.Debug|Any CPU.Build.0 = Debug|Any CPU
		{1540529C-B98D-416F-BE18-243E1C6691FD}.Release|Any CPU.ActiveCfg = Release|Any CPU
		{1540529C-B98D-416F-BE18-243E1C6691FD}.Release|Any CPU.Build.0 = Release|Any CPU
		{E9760C7F-8430-4A59-9FF8-B35FB539D94B}.Debug|Any CPU.ActiveCfg = Debug|Any CPU
		{E9760C7F-8430-4A59-9FF8-B35FB539D94B}.Debug|Any CPU.Build.0 = Debug|Any CPU
		{E9760C7F-8430-4A59-9FF8-B35FB539D94B}.Release|Any CPU.ActiveCfg = Release|Any CPU
		{E9760C7F-8430-4A59-9FF8-B35FB539D94B}.Release|Any CPU.Build.0 = Release|Any CPU
	EndGlobalSection
EndGlobal
